
Microsoft Visual Studio Solution File, Format Version 12.00
# Visual Studio Version 16
VisualStudioVersion = 16.0.31025.194
MinimumVisualStudioVersion = 10.0.40219.1
Project("{2150E333-8FDC-42A3-9474-1A3956D46DE8}") = "BoundedContexts", "BoundedContexts", "{AB404DD0-955D-417D-9CCB-8934E34C2B89}"
EndProject
Project("{2150E333-8FDC-42A3-9474-1A3956D46DE8}") = "Shop", "Shop", "{058BC399-18D2-4611-B60A-145385DF1D76}"
EndProject
Project("{FAE04EC0-301F-11D3-BF4B-00C04F79EFBC}") = "Shop.Application", "Blog.Application\Shop.Application.csproj", "{67BC9A85-0D54-4176-843F-638011CF96A7}"
EndProject
Project("{FAE04EC0-301F-11D3-BF4B-00C04F79EFBC}") = "Shop.Domain", "Blog.Domain\Shop.Domain.csproj", "{FAFDA744-7A72-441C-8F2D-5316092E81F1}"
EndProject
Project("{FAE04EC0-301F-11D3-BF4B-00C04F79EFBC}") = "Shop.Infrastructure", "Blog.Infrastructure\Shop.Infrastructure.csproj", "{6D56E4C5-B176-4C16-A7B4-A7292CCB8DEE}"
EndProject
Project("{2150E333-8FDC-42A3-9474-1A3956D46DE8}") = "Interfaces", "Interfaces", "{9E7572D2-7447-418B-A5B1-789A4E1F96BA}"
EndProject
Project("{FAE04EC0-301F-11D3-BF4B-00C04F79EFBC}") = "Presentation.ConsoleApp", "Presentation.ConsoleApp\Presentation.ConsoleApp.csproj", "{B91C2B28-CD7B-422D-BDF1-C0C0D190358B}"
EndProject
Project("{2150E333-8FDC-42A3-9474-1A3956D46DE8}") = "Tests", "Tests", "{9A0C628A-E699-4FBA-8D2F-AA0E7FCD6E89}"
EndProject
Project("{2150E333-8FDC-42A3-9474-1A3956D46DE8}") = "ObjectMothers", "ObjectMothers", "{02007A2D-0656-4B38-8687-8DFBB3E41957}"
EndProject
Project("{2150E333-8FDC-42A3-9474-1A3956D46DE8}") = "UnitTests", "UnitTests", "{4414E4AC-720C-445F-B39B-BA0FA517962C}"
EndProject
Project("{FAE04EC0-301F-11D3-BF4B-00C04F79EFBC}") = "Shop.ObjectMothers", "Blog.ObjectMothers\Shop.ObjectMothers.csproj", "{7B7569CA-407B-4626-84FE-457F015E31B2}"
EndProject
Project("{FAE04EC0-301F-11D3-BF4B-00C04F79EFBC}") = "Shop.Application.UnitTests", "Blog.Application.UnitTests\Shop.Application.UnitTests.csproj", "{49D7B6A2-E528-40BE-A88C-2786B3850DFD}"
EndProject
Project("{FAE04EC0-301F-11D3-BF4B-00C04F79EFBC}") = "Shop.Domain.UnitTests", "Blog.Domain.UnitTests\Shop.Domain.UnitTests.csproj", "{A4316B85-20FA-4182-8C69-074F076AE1EE}"
EndProject
Global
	GlobalSection(SolutionConfigurationPlatforms) = preSolution
		Debug|Any CPU = Debug|Any CPU
		Release|Any CPU = Release|Any CPU
	EndGlobalSection
	GlobalSection(ProjectConfigurationPlatforms) = postSolution
		{67BC9A85-0D54-4176-843F-638011CF96A7}.Debug|Any CPU.ActiveCfg = Debug|Any CPU
		{67BC9A85-0D54-4176-843F-638011CF96A7}.Debug|Any CPU.Build.0 = Debug|Any CPU
		{67BC9A85-0D54-4176-843F-638011CF96A7}.Release|Any CPU.ActiveCfg = Release|Any CPU
		{67BC9A85-0D54-4176-843F-638011CF96A7}.Release|Any CPU.Build.0 = Release|Any CPU
		{FAFDA744-7A72-441C-8F2D-5316092E81F1}.Debug|Any CPU.ActiveCfg = Debug|Any CPU
		{FAFDA744-7A72-441C-8F2D-5316092E81F1}.Debug|Any CPU.Build.0 = Debug|Any CPU
		{FAFDA744-7A72-441C-8F2D-5316092E81F1}.Release|Any CPU.ActiveCfg = Release|Any CPU
		{FAFDA744-7A72-441C-8F2D-5316092E81F1}.Release|Any CPU.Build.0 = Release|Any CPU
		{6D56E4C5-B176-4C16-A7B4-A7292CCB8DEE}.Debug|Any CPU.ActiveCfg = Debug|Any CPU
		{6D56E4C5-B176-4C16-A7B4-A7292CCB8DEE}.Debug|Any CPU.Build.0 = Debug|Any CPU
		{6D56E4C5-B176-4C16-A7B4-A7292CCB8DEE}.Release|Any CPU.ActiveCfg = Release|Any CPU
		{6D56E4C5-B176-4C16-A7B4-A7292CCB8DEE}.Release|Any CPU.Build.0 = Release|Any CPU
		{B91C2B28-CD7B-422D-BDF1-C0C0D190358B}.Debug|Any CPU.ActiveCfg = Debug|Any CPU
		{B91C2B28-CD7B-422D-BDF1-C0C0D190358B}.Debug|Any CPU.Build.0 = Debug|Any CPU
		{B91C2B28-CD7B-422D-BDF1-C0C0D190358B}.Release|Any CPU.ActiveCfg = Release|Any CPU
		{B91C2B28-CD7B-422D-BDF1-C0C0D190358B}.Release|Any CPU.Build.0 = Release|Any CPU
		{7B7569CA-407B-4626-84FE-457F015E31B2}.Debug|Any CPU.ActiveCfg = Debug|Any CPU
		{7B7569CA-407B-4626-84FE-457F015E31B2}.Debug|Any CPU.Build.0 = Debug|Any CPU
		{7B7569CA-407B-4626-84FE-457F015E31B2}.Release|Any CPU.ActiveCfg = Release|Any CPU
		{7B7569CA-407B-4626-84FE-457F015E31B2}.Release|Any CPU.Build.0 = Release|Any CPU
		{49D7B6A2-E528-40BE-A88C-2786B3850DFD}.Debug|Any CPU.ActiveCfg = Debug|Any CPU
		{49D7B6A2-E528-40BE-A88C-2786B3850DFD}.Debug|Any CPU.Build.0 = Debug|Any CPU
		{49D7B6A2-E528-40BE-A88C-2786B3850DFD}.Release|Any CPU.ActiveCfg = Release|Any CPU
		{49D7B6A2-E528-40BE-A88C-2786B3850DFD}.Release|Any CPU.Build.0 = Release|Any CPU
		{A4316B85-20FA-4182-8C69-074F076AE1EE}.Debug|Any CPU.ActiveCfg = Debug|Any CPU
		{A4316B85-20FA-4182-8C69-074F076AE1EE}.Debug|Any CPU.Build.0 = Debug|Any CPU
		{A4316B85-20FA-4182-8C69-074F076AE1EE}.Release|Any CPU.ActiveCfg = Release|Any CPU
		{A4316B85-20FA-4182-8C69-074F076AE1EE}.Release|Any CPU.Build.0 = Release|Any CPU
	EndGlobalSection
	GlobalSection(SolutionProperties) = preSolution
		HideSolutionNode = FALSE
	EndGlobalSection
	GlobalSection(NestedProjects) = preSolution
		{058BC399-18D2-4611-B60A-145385DF1D76} = {AB404DD0-955D-417D-9CCB-8934E34C2B89}
		{67BC9A85-0D54-4176-843F-638011CF96A7} = {058BC399-18D2-4611-B60A-145385DF1D76}
		{FAFDA744-7A72-441C-8F2D-5316092E81F1} = {058BC399-18D2-4611-B60A-145385DF1D76}
		{6D56E4C5-B176-4C16-A7B4-A7292CCB8DEE} = {058BC399-18D2-4611-B60A-145385DF1D76}
		{B91C2B28-CD7B-422D-BDF1-C0C0D190358B} = {9E7572D2-7447-418B-A5B1-789A4E1F96BA}
		{02007A2D-0656-4B38-8687-8DFBB3E41957} = {9A0C628A-E699-4FBA-8D2F-AA0E7FCD6E89}
		{4414E4AC-720C-445F-B39B-BA0FA517962C} = {9A0C628A-E699-4FBA-8D2F-AA0E7FCD6E89}
		{7B7569CA-407B-4626-84FE-457F015E31B2} = {02007A2D-0656-4B38-8687-8DFBB3E41957}
		{49D7B6A2-E528-40BE-A88C-2786B3850DFD} = {4414E4AC-720C-445F-B39B-BA0FA517962C}
		{A4316B85-20FA-4182-8C69-074F076AE1EE} = {4414E4AC-720C-445F-B39B-BA0FA517962C}
	EndGlobalSection
	GlobalSection(ExtensibilityGlobals) = postSolution
		SolutionGuid = {94D14C9C-972D-4D77-9649-377E95CDF608}
	EndGlobalSection
EndGlobal
