
Microsoft Visual Studio Solution File, Format Version 12.00
# Visual Studio Version 16
VisualStudioVersion = 16.0.31025.194
MinimumVisualStudioVersion = 10.0.40219.1
Project("{FAE04EC0-301F-11D3-BF4B-00C04F79EFBC}") = "WpfApp2", "WpfApp2\WpfApp2.csproj", "{1943421C-E8B2-4481-9DE8-4D2FA57AFAB2}"
EndProject
Global
	GlobalSection(SolutionConfigurationPlatforms) = preSolution
		Debug|Any CPU = Debug|Any CPU
		Release|Any CPU = Release|Any CPU
	EndGlobalSection
	GlobalSection(ProjectConfigurationPlatforms) = postSolution
		{1943421C-E8B2-4481-9DE8-4D2FA57AFAB2}.Debug|Any CPU.ActiveCfg = Debug|Any CPU
		{1943421C-E8B2-4481-9DE8-4D2FA57AFAB2}.Debug|Any CPU.Build.0 = Debug|Any CPU
		{1943421C-E8B2-4481-9DE8-4D2FA57AFAB2}.Release|Any CPU.ActiveCfg = Release|Any CPU
		{1943421C-E8B2-4481-9DE8-4D2FA57AFAB2}.Release|Any CPU.Build.0 = Release|Any CPU
	EndGlobalSection
	GlobalSection(SolutionProperties) = preSolution
		HideSolutionNode = FALSE
	EndGlobalSection
	GlobalSection(ExtensibilityGlobals) = postSolution
		SolutionGuid = {1A06F331-86AF-486F-924D-F638D6AFD08D}
	EndGlobalSection
EndGlobal
