
Microsoft Visual Studio Solution File, Format Version 12.00
# Visual Studio 15
VisualStudioVersion = 15.0.27004.2009
MinimumVisualStudioVersion = 10.0.40219.1
Project("{FAE04EC0-301F-11D3-BF4B-00C04F79EFBC}") = "Lista2Zadanie1", "Lista2Zadanie1\Lista2Zadanie1.csproj", "{8FB93DBB-5753-44E7-B54A-0B27E27DF574}"
EndProject
Global
	GlobalSection(SolutionConfigurationPlatforms) = preSolution
		Debug|Any CPU = Debug|Any CPU
		Release|Any CPU = Release|Any CPU
	EndGlobalSection
	GlobalSection(ProjectConfigurationPlatforms) = postSolution
		{8FB93DBB-5753-44E7-B54A-0B27E27DF574}.Debug|Any CPU.ActiveCfg = Debug|Any CPU
		{8FB93DBB-5753-44E7-B54A-0B27E27DF574}.Debug|Any CPU.Build.0 = Debug|Any CPU
		{8FB93DBB-5753-44E7-B54A-0B27E27DF574}.Release|Any CPU.ActiveCfg = Release|Any CPU
		{8FB93DBB-5753-44E7-B54A-0B27E27DF574}.Release|Any CPU.Build.0 = Release|Any CPU
	EndGlobalSection
	GlobalSection(SolutionProperties) = preSolution
		HideSolutionNode = FALSE
	EndGlobalSection
	GlobalSection(ExtensibilityGlobals) = postSolution
		SolutionGuid = {D8C95B50-B398-4084-BA1E-2C0C7A14EC92}
	EndGlobalSection
EndGlobal
