
Microsoft Visual Studio Solution File, Format Version 12.00
# Visual Studio 15
VisualStudioVersion = 15.0.27004.2009
MinimumVisualStudioVersion = 10.0.40219.1
Project("{FAE04EC0-301F-11D3-BF4B-00C04F79EFBC}") = "PrimeCollection", "PrimeCollection\PrimeCollection.csproj", "{FB77860B-7AFF-4FE8-95D0-668728FAF753}"
EndProject
Global
	GlobalSection(SolutionConfigurationPlatforms) = preSolution
		Debug|Any CPU = Debug|Any CPU
		Release|Any CPU = Release|Any CPU
	EndGlobalSection
	GlobalSection(ProjectConfigurationPlatforms) = postSolution
		{FB77860B-7AFF-4FE8-95D0-668728FAF753}.Debug|Any CPU.ActiveCfg = Debug|Any CPU
		{FB77860B-7AFF-4FE8-95D0-668728FAF753}.Debug|Any CPU.Build.0 = Debug|Any CPU
		{FB77860B-7AFF-4FE8-95D0-668728FAF753}.Release|Any CPU.ActiveCfg = Release|Any CPU
		{FB77860B-7AFF-4FE8-95D0-668728FAF753}.Release|Any CPU.Build.0 = Release|Any CPU
	EndGlobalSection
	GlobalSection(SolutionProperties) = preSolution
		HideSolutionNode = FALSE
	EndGlobalSection
	GlobalSection(ExtensibilityGlobals) = postSolution
		SolutionGuid = {54DD0492-E75C-4CE0-B6C4-42869AF57485}
	EndGlobalSection
EndGlobal
