
Microsoft Visual Studio Solution File, Format Version 12.00
# Visual Studio 15
VisualStudioVersion = 15.0.27004.2009
MinimumVisualStudioVersion = 10.0.40219.1
Project("{FAE04EC0-301F-11D3-BF4B-00C04F79EFBC}") = "TestDict", "TestDict\TestDict.csproj", "{0F86FE99-8F48-4408-811C-03A4BFB5D225}"
EndProject
Global
	GlobalSection(SolutionConfigurationPlatforms) = preSolution
		Debug|Any CPU = Debug|Any CPU
		Release|Any CPU = Release|Any CPU
	EndGlobalSection
	GlobalSection(ProjectConfigurationPlatforms) = postSolution
		{0F86FE99-8F48-4408-811C-03A4BFB5D225}.Debug|Any CPU.ActiveCfg = Debug|Any CPU
		{0F86FE99-8F48-4408-811C-03A4BFB5D225}.Debug|Any CPU.Build.0 = Debug|Any CPU
		{0F86FE99-8F48-4408-811C-03A4BFB5D225}.Release|Any CPU.ActiveCfg = Release|Any CPU
		{0F86FE99-8F48-4408-811C-03A4BFB5D225}.Release|Any CPU.Build.0 = Release|Any CPU
	EndGlobalSection
	GlobalSection(SolutionProperties) = preSolution
		HideSolutionNode = FALSE
	EndGlobalSection
	GlobalSection(ExtensibilityGlobals) = postSolution
		SolutionGuid = {B6D00829-DE66-4020-BC57-20080A3546F3}
	EndGlobalSection
EndGlobal
