
Microsoft Visual Studio Solution File, Format Version 12.00
# Visual Studio Version 16
VisualStudioVersion = 16.0.31025.194
MinimumVisualStudioVersion = 10.0.40219.1
Project("{FAE04EC0-301F-11D3-BF4B-00C04F79EFBC}") = "WinFormsApp3", "WinFormsApp3\WinFormsApp3.csproj", "{571FAFB2-C94B-4721-9C1F-CECE360087D6}"
EndProject
Global
	GlobalSection(SolutionConfigurationPlatforms) = preSolution
		Debug|Any CPU = Debug|Any CPU
		Release|Any CPU = Release|Any CPU
	EndGlobalSection
	GlobalSection(ProjectConfigurationPlatforms) = postSolution
		{571FAFB2-C94B-4721-9C1F-CECE360087D6}.Debug|Any CPU.ActiveCfg = Debug|Any CPU
		{571FAFB2-C94B-4721-9C1F-CECE360087D6}.Debug|Any CPU.Build.0 = Debug|Any CPU
		{571FAFB2-C94B-4721-9C1F-CECE360087D6}.Release|Any CPU.ActiveCfg = Release|Any CPU
		{571FAFB2-C94B-4721-9C1F-CECE360087D6}.Release|Any CPU.Build.0 = Release|Any CPU
	EndGlobalSection
	GlobalSection(SolutionProperties) = preSolution
		HideSolutionNode = FALSE
	EndGlobalSection
	GlobalSection(ExtensibilityGlobals) = postSolution
		SolutionGuid = {30D29BB2-8F48-42D3-B9B5-8F371FB98E94}
	EndGlobalSection
EndGlobal
