
Microsoft Visual Studio Solution File, Format Version 12.00
# Visual Studio 15
VisualStudioVersion = 15.0.27004.2009
MinimumVisualStudioVersion = 10.0.40219.1
Project("{FAE04EC0-301F-11D3-BF4B-00C04F79EFBC}") = "Lista3Zadanie1", "Lista3Zadanie1\Lista3Zadanie1.csproj", "{D51A7245-9F85-4370-8972-4E600CA99B79}"
EndProject
Global
	GlobalSection(SolutionConfigurationPlatforms) = preSolution
		Debug|Any CPU = Debug|Any CPU
		Release|Any CPU = Release|Any CPU
	EndGlobalSection
	GlobalSection(ProjectConfigurationPlatforms) = postSolution
		{D51A7245-9F85-4370-8972-4E600CA99B79}.Debug|Any CPU.ActiveCfg = Debug|Any CPU
		{D51A7245-9F85-4370-8972-4E600CA99B79}.Debug|Any CPU.Build.0 = Debug|Any CPU
		{D51A7245-9F85-4370-8972-4E600CA99B79}.Release|Any CPU.ActiveCfg = Release|Any CPU
		{D51A7245-9F85-4370-8972-4E600CA99B79}.Release|Any CPU.Build.0 = Release|Any CPU
	EndGlobalSection
	GlobalSection(SolutionProperties) = preSolution
		HideSolutionNode = FALSE
	EndGlobalSection
	GlobalSection(ExtensibilityGlobals) = postSolution
		SolutionGuid = {445EA941-D03C-415A-8F4D-07E9BF4CAD30}
	EndGlobalSection
EndGlobal
